// !$*UTF8*$!
{
	archiveVersion = 1;
	classes = {
	};
	objectVersion = 50;
	objects = {

/* Begin PBXBuildFile section */
		3A10531E25114B0B009C3E50 /* SFSymbols.swift in Sources */ = {isa = PBXBuildFile; fileRef = 3A10531D25114B0B009C3E50 /* SFSymbols.swift */; };
		3A141B4E24F7BA2E00A0FB47 /* ThoughtsTableViewCell.swift in Sources */ = {isa = PBXBuildFile; fileRef = 3A141B4D24F7BA2E00A0FB47 /* ThoughtsTableViewCell.swift */; };
		3A1EF2DC250BB78B00496301 /* ThoughtTableViewCell.swift in Sources */ = {isa = PBXBuildFile; fileRef = 3A1EF2DB250BB78B00496301 /* ThoughtTableViewCell.swift */; };
		3A23C1552513911A00E8FCC5 /* Mind.xcdatamodeld in Sources */ = {isa = PBXBuildFile; fileRef = 3A23C1532513911A00E8FCC5 /* Mind.xcdatamodeld */; };
		3A2BE3D224FD5382006A10CA /* thoughtViewController.swift in Sources */ = {isa = PBXBuildFile; fileRef = 3A2BE3D124FD5382006A10CA /* thoughtViewController.swift */; };
		3A3FA8FB2437C0CA0011F7EA /* AppDelegate.swift in Sources */ = {isa = PBXBuildFile; fileRef = 3A3FA8FA2437C0CA0011F7EA /* AppDelegate.swift */; };
		3A3FA8FD2437C0CA0011F7EA /* SceneDelegate.swift in Sources */ = {isa = PBXBuildFile; fileRef = 3A3FA8FC2437C0CA0011F7EA /* SceneDelegate.swift */; };
		3A3FA9022437C0CA0011F7EA /* Main.storyboard in Resources */ = {isa = PBXBuildFile; fileRef = 3A3FA9002437C0CA0011F7EA /* Main.storyboard */; };
		3A3FA9072437C0CA0011F7EA /* Assets.xcassets in Resources */ = {isa = PBXBuildFile; fileRef = 3A3FA9062437C0CA0011F7EA /* Assets.xcassets */; };
		3A627E1724993C9A0007DF22 /* SimilarityDistance.swift in Sources */ = {isa = PBXBuildFile; fileRef = 3A627E1624993C9A0007DF22 /* SimilarityDistance.swift */; };
		3A7972DC2453434500884921 /* newThoughtViewController.swift in Sources */ = {isa = PBXBuildFile; fileRef = 3A7972DB2453434500884921 /* newThoughtViewController.swift */; };
		3A8A20A624A67CC2006EFE66 /* SpinnerIndicator.swift in Sources */ = {isa = PBXBuildFile; fileRef = 3A8A20A524A67CC2006EFE66 /* SpinnerIndicator.swift */; };
		3AA21DD2254D298300E99556 /* CloudKit.framework in Frameworks */ = {isa = PBXBuildFile; fileRef = 3AE48B53245A20BB00952D36 /* CloudKit.framework */; };
		3AB02CDC24BF45B50007A26F /* Animations.swift in Sources */ = {isa = PBXBuildFile; fileRef = 3AB02CDB24BF45B50007A26F /* Animations.swift */; };
		3AC043F12516253D0087566D /* ThoughtExtension.swift in Sources */ = {isa = PBXBuildFile; fileRef = 3AC043F02516253D0087566D /* ThoughtExtension.swift */; };
		3AC332E2243B78F400FA0D40 /* thoughtsViewController.swift in Sources */ = {isa = PBXBuildFile; fileRef = 3AC332E1243B78F400FA0D40 /* thoughtsViewController.swift */; };
		3AE7D253253F34B7002E1559 /* getKeywords.swift in Sources */ = {isa = PBXBuildFile; fileRef = 3AE7D24D253F34B7002E1559 /* getKeywords.swift */; };
		3AE7D254253F34B7002E1559 /* Stopwords.swift in Sources */ = {isa = PBXBuildFile; fileRef = 3AE7D24E253F34B7002E1559 /* Stopwords.swift */; };
		3AE7D255253F34B7002E1559 /* ArraySlice.swift in Sources */ = {isa = PBXBuildFile; fileRef = 3AE7D24F253F34B7002E1559 /* ArraySlice.swift */; };
		3AE7D256253F34B7002E1559 /* Keyword.swift in Sources */ = {isa = PBXBuildFile; fileRef = 3AE7D250253F34B7002E1559 /* Keyword.swift */; };
		3AE7D257253F34B7002E1559 /* Normalization.swift in Sources */ = {isa = PBXBuildFile; fileRef = 3AE7D251253F34B7002E1559 /* Normalization.swift */; };
		3AE7D258253F34B7002E1559 /* TextRank.swift in Sources */ = {isa = PBXBuildFile; fileRef = 3AE7D252253F34B7002E1559 /* TextRank.swift */; };
		3AE7D25F253F353F002E1559 /* BERT.swift in Sources */ = {isa = PBXBuildFile; fileRef = 3AE7D25D253F353F002E1559 /* BERT.swift */; };
		3AE7D260253F353F002E1559 /* BERTInput.swift in Sources */ = {isa = PBXBuildFile; fileRef = 3AE7D25E253F353F002E1559 /* BERTInput.swift */; };
		3AE7D263253F3545002E1559 /* vocab.txt in Resources */ = {isa = PBXBuildFile; fileRef = 3AE7D262253F3545002E1559 /* vocab.txt */; };
		3AE7D267253F354C002E1559 /* TokenizedString.swift in Sources */ = {isa = PBXBuildFile; fileRef = 3AE7D265253F354C002E1559 /* TokenizedString.swift */; };
		3AE7D268253F354C002E1559 /* BERTVocabulary.swift in Sources */ = {isa = PBXBuildFile; fileRef = 3AE7D266253F354C002E1559 /* BERTVocabulary.swift */; };
		3AE7D26C253F35AC002E1559 /* distilbert-base-nli.mlmodel in Sources */ = {isa = PBXBuildFile; fileRef = 3AE7D26B253F35AC002E1559 /* distilbert-base-nli.mlmodel */; };
/* End PBXBuildFile section */

/* Begin PBXFileReference section */
		3A10531D25114B0B009C3E50 /* SFSymbols.swift */ = {isa = PBXFileReference; lastKnownFileType = sourcecode.swift; path = SFSymbols.swift; sourceTree = "<group>"; };
		3A141B4D24F7BA2E00A0FB47 /* ThoughtsTableViewCell.swift */ = {isa = PBXFileReference; fileEncoding = 4; lastKnownFileType = sourcecode.swift; path = ThoughtsTableViewCell.swift; sourceTree = "<group>"; };
		3A1EF2DB250BB78B00496301 /* ThoughtTableViewCell.swift */ = {isa = PBXFileReference; lastKnownFileType = sourcecode.swift; path = ThoughtTableViewCell.swift; sourceTree = "<group>"; };
		3A23C1542513911A00E8FCC5 /* MindData.xcdatamodel */ = {isa = PBXFileReference; lastKnownFileType = wrapper.xcdatamodel; path = MindData.xcdatamodel; sourceTree = "<group>"; };
		3A2BE3D124FD5382006A10CA /* thoughtViewController.swift */ = {isa = PBXFileReference; lastKnownFileType = sourcecode.swift; path = thoughtViewController.swift; sourceTree = "<group>"; };
		3A3FA8F72437C0CA0011F7EA /* Mind.app */ = {isa = PBXFileReference; explicitFileType = wrapper.application; includeInIndex = 0; path = Mind.app; sourceTree = BUILT_PRODUCTS_DIR; };
		3A3FA8FA2437C0CA0011F7EA /* AppDelegate.swift */ = {isa = PBXFileReference; lastKnownFileType = sourcecode.swift; path = AppDelegate.swift; sourceTree = "<group>"; };
		3A3FA8FC2437C0CA0011F7EA /* SceneDelegate.swift */ = {isa = PBXFileReference; lastKnownFileType = sourcecode.swift; path = SceneDelegate.swift; sourceTree = "<group>"; };
		3A3FA9012437C0CA0011F7EA /* Base */ = {isa = PBXFileReference; lastKnownFileType = file.storyboard; name = Base; path = Base.lproj/Main.storyboard; sourceTree = "<group>"; };
		3A3FA9062437C0CA0011F7EA /* Assets.xcassets */ = {isa = PBXFileReference; lastKnownFileType = folder.assetcatalog; path = Assets.xcassets; sourceTree = "<group>"; };
		3A3FA90B2437C0CA0011F7EA /* Info.plist */ = {isa = PBXFileReference; lastKnownFileType = text.plist.xml; path = Info.plist; sourceTree = "<group>"; };
		3A627E1624993C9A0007DF22 /* SimilarityDistance.swift */ = {isa = PBXFileReference; lastKnownFileType = sourcecode.swift; path = SimilarityDistance.swift; sourceTree = "<group>"; };
		3A7972DB2453434500884921 /* newThoughtViewController.swift */ = {isa = PBXFileReference; lastKnownFileType = sourcecode.swift; path = newThoughtViewController.swift; sourceTree = "<group>"; };
		3A8A20A524A67CC2006EFE66 /* SpinnerIndicator.swift */ = {isa = PBXFileReference; lastKnownFileType = sourcecode.swift; path = SpinnerIndicator.swift; sourceTree = "<group>"; };
		3AA97E63250E659A00E4372E /* AuthenticationServices.framework */ = {isa = PBXFileReference; lastKnownFileType = wrapper.framework; name = AuthenticationServices.framework; path = System/Library/Frameworks/AuthenticationServices.framework; sourceTree = SDKROOT; };
		3AB02CDB24BF45B50007A26F /* Animations.swift */ = {isa = PBXFileReference; lastKnownFileType = sourcecode.swift; path = Animations.swift; sourceTree = "<group>"; };
		3AC043F02516253D0087566D /* ThoughtExtension.swift */ = {isa = PBXFileReference; lastKnownFileType = sourcecode.swift; path = ThoughtExtension.swift; sourceTree = "<group>"; };
		3AC332E1243B78F400FA0D40 /* thoughtsViewController.swift */ = {isa = PBXFileReference; lastKnownFileType = sourcecode.swift; path = thoughtsViewController.swift; sourceTree = "<group>"; };
		3AE48B4F2457975000952D36 /* Mind.entitlements */ = {isa = PBXFileReference; lastKnownFileType = text.plist.entitlements; path = Mind.entitlements; sourceTree = "<group>"; };
		3AE48B52245A20B200952D36 /* MindDebug.entitlements */ = {isa = PBXFileReference; lastKnownFileType = text.plist.entitlements; path = MindDebug.entitlements; sourceTree = "<group>"; };
		3AE48B53245A20BB00952D36 /* CloudKit.framework */ = {isa = PBXFileReference; lastKnownFileType = wrapper.framework; name = CloudKit.framework; path = System/Library/Frameworks/CloudKit.framework; sourceTree = SDKROOT; };
		3AE7D24D253F34B7002E1559 /* getKeywords.swift */ = {isa = PBXFileReference; fileEncoding = 4; lastKnownFileType = sourcecode.swift; path = getKeywords.swift; sourceTree = "<group>"; };
		3AE7D24E253F34B7002E1559 /* Stopwords.swift */ = {isa = PBXFileReference; fileEncoding = 4; lastKnownFileType = sourcecode.swift; path = Stopwords.swift; sourceTree = "<group>"; };
		3AE7D24F253F34B7002E1559 /* ArraySlice.swift */ = {isa = PBXFileReference; fileEncoding = 4; lastKnownFileType = sourcecode.swift; path = ArraySlice.swift; sourceTree = "<group>"; };
		3AE7D250253F34B7002E1559 /* Keyword.swift */ = {isa = PBXFileReference; fileEncoding = 4; lastKnownFileType = sourcecode.swift; path = Keyword.swift; sourceTree = "<group>"; };
		3AE7D251253F34B7002E1559 /* Normalization.swift */ = {isa = PBXFileReference; fileEncoding = 4; lastKnownFileType = sourcecode.swift; path = Normalization.swift; sourceTree = "<group>"; };
		3AE7D252253F34B7002E1559 /* TextRank.swift */ = {isa = PBXFileReference; fileEncoding = 4; lastKnownFileType = sourcecode.swift; path = TextRank.swift; sourceTree = "<group>"; };
		3AE7D25D253F353F002E1559 /* BERT.swift */ = {isa = PBXFileReference; fileEncoding = 4; lastKnownFileType = sourcecode.swift; path = BERT.swift; sourceTree = "<group>"; };
		3AE7D25E253F353F002E1559 /* BERTInput.swift */ = {isa = PBXFileReference; fileEncoding = 4; lastKnownFileType = sourcecode.swift; path = BERTInput.swift; sourceTree = "<group>"; };
		3AE7D262253F3545002E1559 /* vocab.txt */ = {isa = PBXFileReference; fileEncoding = 4; lastKnownFileType = text; path = vocab.txt; sourceTree = "<group>"; };
		3AE7D265253F354C002E1559 /* TokenizedString.swift */ = {isa = PBXFileReference; fileEncoding = 4; lastKnownFileType = sourcecode.swift; path = TokenizedString.swift; sourceTree = "<group>"; };
		3AE7D266253F354C002E1559 /* BERTVocabulary.swift */ = {isa = PBXFileReference; fileEncoding = 4; lastKnownFileType = sourcecode.swift; path = BERTVocabulary.swift; sourceTree = "<group>"; };
		3AE7D26B253F35AC002E1559 /* distilbert-base-nli.mlmodel */ = {isa = PBXFileReference; lastKnownFileType = file.mlmodel; path = "distilbert-base-nli.mlmodel"; sourceTree = "<group>"; };
/* End PBXFileReference section */

/* Begin PBXFrameworksBuildPhase section */
		3A3FA8F42437C0CA0011F7EA /* Frameworks */ = {
			isa = PBXFrameworksBuildPhase;
			buildActionMask = 2147483647;
			files = (
				3AA21DD2254D298300E99556 /* CloudKit.framework in Frameworks */,
			);
			runOnlyForDeploymentPostprocessing = 0;
		};
/* End PBXFrameworksBuildPhase section */

/* Begin PBXGroup section */
		167D3F45D79395E52EC4F9F9 /* Frameworks */ = {
			isa = PBXGroup;
			children = (
				3AA97E63250E659A00E4372E /* AuthenticationServices.framework */,
				3AE48B53245A20BB00952D36 /* CloudKit.framework */,
			);
			name = Frameworks;
			sourceTree = "<group>";
		};
		3A3FA8EE2437C0CA0011F7EA = {
			isa = PBXGroup;
			children = (
				3A3FA8F92437C0CA0011F7EA /* Mind */,
				3A3FA8F82437C0CA0011F7EA /* Products */,
				167D3F45D79395E52EC4F9F9 /* Frameworks */,
			);
			sourceTree = "<group>";
		};
		3A3FA8F82437C0CA0011F7EA /* Products */ = {
			isa = PBXGroup;
			children = (
				3A3FA8F72437C0CA0011F7EA /* Mind.app */,
			);
			name = Products;
			sourceTree = "<group>";
		};
		3A3FA8F92437C0CA0011F7EA /* Mind */ = {
			isa = PBXGroup;
			children = (
				3A627E1524993C870007DF22 /* Utils */,
				3AE7D25A253F34CA002E1559 /* Model */,
				3AE7D24C253F348A002E1559 /* Keywords */,
				3AC50FC2246B1FB8004403A0 /* ViewControllers */,
				3A3FA9002437C0CA0011F7EA /* Main.storyboard */,
				3AE48B52245A20B200952D36 /* MindDebug.entitlements */,
				3AE48B4F2457975000952D36 /* Mind.entitlements */,
				3A23C1532513911A00E8FCC5 /* Mind.xcdatamodeld */,
				3A3FA8FA2437C0CA0011F7EA /* AppDelegate.swift */,
				3A3FA8FC2437C0CA0011F7EA /* SceneDelegate.swift */,
				3A3FA90B2437C0CA0011F7EA /* Info.plist */,
				3A3FA9062437C0CA0011F7EA /* Assets.xcassets */,
			);
			path = Mind;
			sourceTree = "<group>";
		};
		3A627E1524993C870007DF22 /* Utils */ = {
			isa = PBXGroup;
			children = (
				3A10531D25114B0B009C3E50 /* SFSymbols.swift */,
				3A627E1624993C9A0007DF22 /* SimilarityDistance.swift */,
				3A8A20A524A67CC2006EFE66 /* SpinnerIndicator.swift */,
				3AB02CDB24BF45B50007A26F /* Animations.swift */,
			);
			path = Utils;
			sourceTree = "<group>";
		};
		3AC50FC2246B1FB8004403A0 /* ViewControllers */ = {
			isa = PBXGroup;
			children = (
				3AC332E1243B78F400FA0D40 /* thoughtsViewController.swift */,
				3A2BE3D124FD5382006A10CA /* thoughtViewController.swift */,
				3A7972DB2453434500884921 /* newThoughtViewController.swift */,
				3A141B4D24F7BA2E00A0FB47 /* ThoughtsTableViewCell.swift */,
				3A1EF2DB250BB78B00496301 /* ThoughtTableViewCell.swift */,
				3AC043F02516253D0087566D /* ThoughtExtension.swift */,
			);
			path = ViewControllers;
			sourceTree = "<group>";
		};
		3AE7D24C253F348A002E1559 /* Keywords */ = {
			isa = PBXGroup;
			children = (
				3AE7D24F253F34B7002E1559 /* ArraySlice.swift */,
				3AE7D24D253F34B7002E1559 /* getKeywords.swift */,
				3AE7D250253F34B7002E1559 /* Keyword.swift */,
				3AE7D251253F34B7002E1559 /* Normalization.swift */,
				3AE7D24E253F34B7002E1559 /* Stopwords.swift */,
				3AE7D252253F34B7002E1559 /* TextRank.swift */,
			);
			path = Keywords;
			sourceTree = "<group>";
		};
		3AE7D25A253F34CA002E1559 /* Model */ = {
			isa = PBXGroup;
			children = (
				3AE7D26B253F35AC002E1559 /* distilbert-base-nli.mlmodel */,
				3AE7D25D253F353F002E1559 /* BERT.swift */,
				3AE7D25E253F353F002E1559 /* BERTInput.swift */,
				3AE7D25C253F3522002E1559 /* Resources */,
				3AE7D25B253F351A002E1559 /* Tokenizer */,
			);
			path = Model;
			sourceTree = "<group>";
		};
		3AE7D25B253F351A002E1559 /* Tokenizer */ = {
			isa = PBXGroup;
			children = (
				3AE7D266253F354C002E1559 /* BERTVocabulary.swift */,
				3AE7D265253F354C002E1559 /* TokenizedString.swift */,
			);
			path = Tokenizer;
			sourceTree = "<group>";
		};
		3AE7D25C253F3522002E1559 /* Resources */ = {
			isa = PBXGroup;
			children = (
				3AE7D262253F3545002E1559 /* vocab.txt */,
			);
			path = Resources;
			sourceTree = "<group>";
		};
/* End PBXGroup section */

/* Begin PBXNativeTarget section */
		3A3FA8F62437C0CA0011F7EA /* Mind */ = {
			isa = PBXNativeTarget;
			buildConfigurationList = 3A3FA90E2437C0CA0011F7EA /* Build configuration list for PBXNativeTarget "Mind" */;
			buildPhases = (
				3A3FA8F32437C0CA0011F7EA /* Sources */,
				3A3FA8F42437C0CA0011F7EA /* Frameworks */,
				3A3FA8F52437C0CA0011F7EA /* Resources */,
			);
			buildRules = (
			);
			dependencies = (
			);
			name = Mind;
			productName = Flow;
			productReference = 3A3FA8F72437C0CA0011F7EA /* Mind.app */;
			productType = "com.apple.product-type.application";
		};
/* End PBXNativeTarget section */

/* Begin PBXProject section */
		3A3FA8EF2437C0CA0011F7EA /* Project object */ = {
			isa = PBXProject;
			attributes = {
				LastSwiftUpdateCheck = 1140;
				LastUpgradeCheck = 1200;
				ORGANIZATIONNAME = "Anton Evstigneev";
				TargetAttributes = {
					3A3FA8F62437C0CA0011F7EA = {
						CreatedOnToolsVersion = 11.4;
					};
				};
			};
			buildConfigurationList = 3A3FA8F22437C0CA0011F7EA /* Build configuration list for PBXProject "Mind" */;
			compatibilityVersion = "Xcode 9.3";
			developmentRegion = en;
			hasScannedForEncodings = 0;
			knownRegions = (
				en,
				Base,
			);
			mainGroup = 3A3FA8EE2437C0CA0011F7EA;
			productRefGroup = 3A3FA8F82437C0CA0011F7EA /* Products */;
			projectDirPath = "";
			projectRoot = "";
			targets = (
				3A3FA8F62437C0CA0011F7EA /* Mind */,
			);
		};
/* End PBXProject section */

/* Begin PBXResourcesBuildPhase section */
		3A3FA8F52437C0CA0011F7EA /* Resources */ = {
			isa = PBXResourcesBuildPhase;
			buildActionMask = 2147483647;
			files = (
				3AE7D263253F3545002E1559 /* vocab.txt in Resources */,
				3A3FA9072437C0CA0011F7EA /* Assets.xcassets in Resources */,
				3A3FA9022437C0CA0011F7EA /* Main.storyboard in Resources */,
			);
			runOnlyForDeploymentPostprocessing = 0;
		};
/* End PBXResourcesBuildPhase section */

/* Begin PBXSourcesBuildPhase section */
		3A3FA8F32437C0CA0011F7EA /* Sources */ = {
			isa = PBXSourcesBuildPhase;
			buildActionMask = 2147483647;
			files = (
				3AE7D26C253F35AC002E1559 /* distilbert-base-nli.mlmodel in Sources */,
				3A2BE3D224FD5382006A10CA /* thoughtViewController.swift in Sources */,
				3A23C1552513911A00E8FCC5 /* Mind.xcdatamodeld in Sources */,
				3AC332E2243B78F400FA0D40 /* thoughtsViewController.swift in Sources */,
				3AE7D267253F354C002E1559 /* TokenizedString.swift in Sources */,
				3AE7D253253F34B7002E1559 /* getKeywords.swift in Sources */,
				3AE7D268253F354C002E1559 /* BERTVocabulary.swift in Sources */,
				3AE7D254253F34B7002E1559 /* Stopwords.swift in Sources */,
				3AE7D255253F34B7002E1559 /* ArraySlice.swift in Sources */,
				3AE7D25F253F353F002E1559 /* BERT.swift in Sources */,
				3A8A20A624A67CC2006EFE66 /* SpinnerIndicator.swift in Sources */,
				3AE7D257253F34B7002E1559 /* Normalization.swift in Sources */,
				3A3FA8FB2437C0CA0011F7EA /* AppDelegate.swift in Sources */,
				3A3FA8FD2437C0CA0011F7EA /* SceneDelegate.swift in Sources */,
				3A141B4E24F7BA2E00A0FB47 /* ThoughtsTableViewCell.swift in Sources */,
				3AE7D260253F353F002E1559 /* BERTInput.swift in Sources */,
				3A627E1724993C9A0007DF22 /* SimilarityDistance.swift in Sources */,
				3AE7D258253F34B7002E1559 /* TextRank.swift in Sources */,
				3A10531E25114B0B009C3E50 /* SFSymbols.swift in Sources */,
				3A7972DC2453434500884921 /* newThoughtViewController.swift in Sources */,
				3AC043F12516253D0087566D /* ThoughtExtension.swift in Sources */,
				3AB02CDC24BF45B50007A26F /* Animations.swift in Sources */,
				3A1EF2DC250BB78B00496301 /* ThoughtTableViewCell.swift in Sources */,
				3AE7D256253F34B7002E1559 /* Keyword.swift in Sources */,
			);
			runOnlyForDeploymentPostprocessing = 0;
		};
/* End PBXSourcesBuildPhase section */

/* Begin PBXVariantGroup section */
		3A3FA9002437C0CA0011F7EA /* Main.storyboard */ = {
			isa = PBXVariantGroup;
			children = (
				3A3FA9012437C0CA0011F7EA /* Base */,
			);
			name = Main.storyboard;
			sourceTree = "<group>";
		};
/* End PBXVariantGroup section */

/* Begin XCBuildConfiguration section */
		3A3FA90C2437C0CA0011F7EA /* Debug */ = {
			isa = XCBuildConfiguration;
			buildSettings = {
				ALWAYS_SEARCH_USER_PATHS = NO;
				CLANG_ANALYZER_NONNULL = YES;
				CLANG_ANALYZER_NUMBER_OBJECT_CONVERSION = YES_AGGRESSIVE;
				CLANG_CXX_LANGUAGE_STANDARD = "gnu++14";
				CLANG_CXX_LIBRARY = "libc++";
				CLANG_ENABLE_MODULES = YES;
				CLANG_ENABLE_OBJC_ARC = YES;
				CLANG_ENABLE_OBJC_WEAK = YES;
				CLANG_WARN_BLOCK_CAPTURE_AUTORELEASING = YES;
				CLANG_WARN_BOOL_CONVERSION = YES;
				CLANG_WARN_COMMA = YES;
				CLANG_WARN_CONSTANT_CONVERSION = YES;
				CLANG_WARN_DEPRECATED_OBJC_IMPLEMENTATIONS = YES;
				CLANG_WARN_DIRECT_OBJC_ISA_USAGE = YES_ERROR;
				CLANG_WARN_DOCUMENTATION_COMMENTS = YES;
				CLANG_WARN_EMPTY_BODY = YES;
				CLANG_WARN_ENUM_CONVERSION = YES;
				CLANG_WARN_INFINITE_RECURSION = YES;
				CLANG_WARN_INT_CONVERSION = YES;
				CLANG_WARN_NON_LITERAL_NULL_CONVERSION = YES;
				CLANG_WARN_OBJC_IMPLICIT_RETAIN_SELF = YES;
				CLANG_WARN_OBJC_LITERAL_CONVERSION = YES;
				CLANG_WARN_OBJC_ROOT_CLASS = YES_ERROR;
				CLANG_WARN_QUOTED_INCLUDE_IN_FRAMEWORK_HEADER = YES;
				CLANG_WARN_RANGE_LOOP_ANALYSIS = YES;
				CLANG_WARN_STRICT_PROTOTYPES = YES;
				CLANG_WARN_SUSPICIOUS_MOVE = YES;
				CLANG_WARN_UNGUARDED_AVAILABILITY = YES_AGGRESSIVE;
				CLANG_WARN_UNREACHABLE_CODE = YES;
				CLANG_WARN__DUPLICATE_METHOD_MATCH = YES;
				COPY_PHASE_STRIP = NO;
				DEBUG_INFORMATION_FORMAT = dwarf;
				ENABLE_STRICT_OBJC_MSGSEND = YES;
				ENABLE_TESTABILITY = YES;
				GCC_C_LANGUAGE_STANDARD = gnu11;
				GCC_DYNAMIC_NO_PIC = NO;
				GCC_NO_COMMON_BLOCKS = YES;
				GCC_OPTIMIZATION_LEVEL = 0;
				GCC_PREPROCESSOR_DEFINITIONS = (
					"DEBUG=1",
					"$(inherited)",
				);
				GCC_WARN_64_TO_32_BIT_CONVERSION = YES;
				GCC_WARN_ABOUT_RETURN_TYPE = YES_ERROR;
				GCC_WARN_UNDECLARED_SELECTOR = YES;
				GCC_WARN_UNINITIALIZED_AUTOS = YES_AGGRESSIVE;
				GCC_WARN_UNUSED_FUNCTION = YES;
				GCC_WARN_UNUSED_VARIABLE = YES;
				IPHONEOS_DEPLOYMENT_TARGET = 13.4;
				MTL_ENABLE_DEBUG_INFO = INCLUDE_SOURCE;
				MTL_FAST_MATH = YES;
				ONLY_ACTIVE_ARCH = YES;
				SDKROOT = iphoneos;
				SWIFT_ACTIVE_COMPILATION_CONDITIONS = DEBUG;
				SWIFT_OPTIMIZATION_LEVEL = "-Onone";
			};
			name = Debug;
		};
		3A3FA90D2437C0CA0011F7EA /* Release */ = {
			isa = XCBuildConfiguration;
			buildSettings = {
				ALWAYS_SEARCH_USER_PATHS = NO;
				CLANG_ANALYZER_NONNULL = YES;
				CLANG_ANALYZER_NUMBER_OBJECT_CONVERSION = YES_AGGRESSIVE;
				CLANG_CXX_LANGUAGE_STANDARD = "gnu++14";
				CLANG_CXX_LIBRARY = "libc++";
				CLANG_ENABLE_MODULES = YES;
				CLANG_ENABLE_OBJC_ARC = YES;
				CLANG_ENABLE_OBJC_WEAK = YES;
				CLANG_WARN_BLOCK_CAPTURE_AUTORELEASING = YES;
				CLANG_WARN_BOOL_CONVERSION = YES;
				CLANG_WARN_COMMA = YES;
				CLANG_WARN_CONSTANT_CONVERSION = YES;
				CLANG_WARN_DEPRECATED_OBJC_IMPLEMENTATIONS = YES;
				CLANG_WARN_DIRECT_OBJC_ISA_USAGE = YES_ERROR;
				CLANG_WARN_DOCUMENTATION_COMMENTS = YES;
				CLANG_WARN_EMPTY_BODY = YES;
				CLANG_WARN_ENUM_CONVERSION = YES;
				CLANG_WARN_INFINITE_RECURSION = YES;
				CLANG_WARN_INT_CONVERSION = YES;
				CLANG_WARN_NON_LITERAL_NULL_CONVERSION = YES;
				CLANG_WARN_OBJC_IMPLICIT_RETAIN_SELF = YES;
				CLANG_WARN_OBJC_LITERAL_CONVERSION = YES;
				CLANG_WARN_OBJC_ROOT_CLASS = YES_ERROR;
				CLANG_WARN_QUOTED_INCLUDE_IN_FRAMEWORK_HEADER = YES;
				CLANG_WARN_RANGE_LOOP_ANALYSIS = YES;
				CLANG_WARN_STRICT_PROTOTYPES = YES;
				CLANG_WARN_SUSPICIOUS_MOVE = YES;
				CLANG_WARN_UNGUARDED_AVAILABILITY = YES_AGGRESSIVE;
				CLANG_WARN_UNREACHABLE_CODE = YES;
				CLANG_WARN__DUPLICATE_METHOD_MATCH = YES;
				COPY_PHASE_STRIP = NO;
				DEBUG_INFORMATION_FORMAT = "dwarf-with-dsym";
				ENABLE_NS_ASSERTIONS = NO;
				ENABLE_STRICT_OBJC_MSGSEND = YES;
				GCC_C_LANGUAGE_STANDARD = gnu11;
				GCC_NO_COMMON_BLOCKS = YES;
				GCC_WARN_64_TO_32_BIT_CONVERSION = YES;
				GCC_WARN_ABOUT_RETURN_TYPE = YES_ERROR;
				GCC_WARN_UNDECLARED_SELECTOR = YES;
				GCC_WARN_UNINITIALIZED_AUTOS = YES_AGGRESSIVE;
				GCC_WARN_UNUSED_FUNCTION = YES;
				GCC_WARN_UNUSED_VARIABLE = YES;
				IPHONEOS_DEPLOYMENT_TARGET = 13.4;
				MTL_ENABLE_DEBUG_INFO = NO;
				MTL_FAST_MATH = YES;
				SDKROOT = iphoneos;
				SWIFT_COMPILATION_MODE = wholemodule;
				SWIFT_OPTIMIZATION_LEVEL = "-O";
				VALIDATE_PRODUCT = YES;
			};
			name = Release;
		};
		3A3FA90F2437C0CA0011F7EA /* Debug */ = {
			isa = XCBuildConfiguration;
			buildSettings = {
				ASSETCATALOG_COMPILER_APPICON_NAME = AppIcon;
				CODE_SIGN_ENTITLEMENTS = Mind/MindDebug.entitlements;
				CODE_SIGN_STYLE = Automatic;
				CURRENT_PROJECT_VERSION = 16;
				DEVELOPMENT_TEAM = NNR45DX7YX;
				"ENABLE_HARDENED_RUNTIME[sdk=macosx*]" = NO;
				INFOPLIST_FILE = Mind/Info.plist;
				IPHONEOS_DEPLOYMENT_TARGET = 13.3;
				LD_RUNPATH_SEARCH_PATHS = (
					"$(inherited)",
					"@executable_path/Frameworks",
				);
				PRODUCT_BUNDLE_IDENTIFIER = com.getmindapp.Mind;
				PRODUCT_NAME = Mind;
				SUPPORTS_MACCATALYST = NO;
				SWIFT_VERSION = 5.0;
				TARGETED_DEVICE_FAMILY = 1;
			};
			name = Debug;
		};
		3A3FA9102437C0CA0011F7EA /* Release */ = {
			isa = XCBuildConfiguration;
			buildSettings = {
				ASSETCATALOG_COMPILER_APPICON_NAME = AppIcon;
				CODE_SIGN_ENTITLEMENTS = Mind/Mind.entitlements;
				CODE_SIGN_STYLE = Automatic;
				CURRENT_PROJECT_VERSION = 16;
				DEVELOPMENT_TEAM = NNR45DX7YX;
				"ENABLE_HARDENED_RUNTIME[sdk=macosx*]" = NO;
				INFOPLIST_FILE = Mind/Info.plist;
				IPHONEOS_DEPLOYMENT_TARGET = 13.3;
				LD_RUNPATH_SEARCH_PATHS = (
					"$(inherited)",
					"@executable_path/Frameworks",
				);
				PRODUCT_BUNDLE_IDENTIFIER = com.getmindapp.Mind;
				PRODUCT_NAME = Mind;
				SUPPORTS_MACCATALYST = NO;
				SWIFT_VERSION = 5.0;
				TARGETED_DEVICE_FAMILY = 1;
			};
			name = Release;
		};
/* End XCBuildConfiguration section */

/* Begin XCConfigurationList section */
		3A3FA8F22437C0CA0011F7EA /* Build configuration list for PBXProject "Mind" */ = {
			isa = XCConfigurationList;
			buildConfigurations = (
				3A3FA90C2437C0CA0011F7EA /* Debug */,
				3A3FA90D2437C0CA0011F7EA /* Release */,
			);
			defaultConfigurationIsVisible = 0;
			defaultConfigurationName = Release;
		};
		3A3FA90E2437C0CA0011F7EA /* Build configuration list for PBXNativeTarget "Mind" */ = {
			isa = XCConfigurationList;
			buildConfigurations = (
				3A3FA90F2437C0CA0011F7EA /* Debug */,
				3A3FA9102437C0CA0011F7EA /* Release */,
			);
			defaultConfigurationIsVisible = 0;
			defaultConfigurationName = Release;
		};
/* End XCConfigurationList section */

/* Begin XCVersionGroup section */
		3A23C1532513911A00E8FCC5 /* Mind.xcdatamodeld */ = {
			isa = XCVersionGroup;
			children = (
				3A23C1542513911A00E8FCC5 /* MindData.xcdatamodel */,
			);
			currentVersion = 3A23C1542513911A00E8FCC5 /* MindData.xcdatamodel */;
			path = Mind.xcdatamodeld;
			sourceTree = "<group>";
			versionGroupType = wrapper.xcdatamodel;
		};
/* End XCVersionGroup section */
	};
	rootObject = 3A3FA8EF2437C0CA0011F7EA /* Project object */;
}
